
Microsoft Visual Studio Solution File, Format Version 12.00
# Visual Studio 2012
Project("{FAE04EC0-301F-11D3-BF4B-00C04F79EFBC}") = "split.Console", "split.Console\split.Console.csproj", "{3C6F9446-34FC-4421-976E-E141C1C396C4}"
EndProject
Project("{FAE04EC0-301F-11D3-BF4B-00C04F79EFBC}") = "split.Console.Tests", "split.Console.Tests\split.Console.Tests.csproj", "{598DA29A-0AFB-4251-B66B-52963FE63A8D}"
EndProject
Global
	GlobalSection(SolutionConfigurationPlatforms) = preSolution
		Debug|Any CPU = Debug|Any CPU
		Release|Any CPU = Release|Any CPU
	EndGlobalSection
	GlobalSection(ProjectConfigurationPlatforms) = postSolution
		{3C6F9446-34FC-4421-976E-E141C1C396C4}.Debug|Any CPU.ActiveCfg = Debug|Any CPU
		{3C6F9446-34FC-4421-976E-E141C1C396C4}.Debug|Any CPU.Build.0 = Debug|Any CPU
		{3C6F9446-34FC-4421-976E-E141C1C396C4}.Release|Any CPU.ActiveCfg = Release|Any CPU
		{3C6F9446-34FC-4421-976E-E141C1C396C4}.Release|Any CPU.Build.0 = Release|Any CPU
		{598DA29A-0AFB-4251-B66B-52963FE63A8D}.Debug|Any CPU.ActiveCfg = Debug|Any CPU
		{598DA29A-0AFB-4251-B66B-52963FE63A8D}.Debug|Any CPU.Build.0 = Debug|Any CPU
		{598DA29A-0AFB-4251-B66B-52963FE63A8D}.Release|Any CPU.ActiveCfg = Release|Any CPU
		{598DA29A-0AFB-4251-B66B-52963FE63A8D}.Release|Any CPU.Build.0 = Release|Any CPU
	EndGlobalSection
EndGlobal
